
Microsoft Visual Studio Solution File, Format Version 12.00
# Visual Studio Version 16
VisualStudioVersion = 16.0.32126.315
MinimumVisualStudioVersion = 10.0.40219.1
Project("{8BC9CEB8-8B4A-11D0-8D11-00A0C91BC942}") = "AoC_7", "AoC_7\AoC_7.vcxproj\AoC_7.vcxproj", "{2D9E9BC5-C1E0-4554-A120-5D92FD9A3ABE}"
EndProject
Project("{8BC9CEB8-8B4A-11D0-8D11-00A0C91BC942}") = "AoC_13", "AoC_13\AoC_13.vcxproj\AoC_13.vcxproj", "{83A5DE5D-5BDD-43DE-A29F-1B71DB3B45BE}"
EndProject
Project("{8BC9CEB8-8B4A-11D0-8D11-00A0C91BC942}") = "AoC_16", "AoC_16\AoC_16.vcxproj\AoC_16.vcxproj", "{DB013176-E858-44ED-AFC9-0CC6FC74E8C6}"
EndProject
Project("{8BC9CEB8-8B4A-11D0-8D11-00A0C91BC942}") = "AoC_17", "AoC_17\AoC_17.vcxproj\AoC_17.vcxproj", "{FC691FA6-7784-46E1-AEB6-C45A88A7CCEA}"
EndProject
Project("{8BC9CEB8-8B4A-11D0-8D11-00A0C91BC942}") = "AoC_19", "AoC_19\AoC_19.vcxproj\AoC_19.vcxproj", "{FD7C78EA-2927-4069-A836-647DFC15451A}"
EndProject
Project("{8BC9CEB8-8B4A-11D0-8D11-00A0C91BC942}") = "AoC_9", "AoC_9\AoC_9.vcxproj\AoC_9.vcxproj", "{6FCD10DD-C15A-4CA4-B263-8E56B9CE31F5}"
EndProject
Project("{8BC9CEB8-8B4A-11D0-8D11-00A0C91BC942}") = "AoC_1", "AoC_1\AoC_1.vcxproj\AoC_1.vcxproj", "{41C1D6F1-F2ED-45F6-9217-DCC0A48D502B}"
EndProject
Project("{8BC9CEB8-8B4A-11D0-8D11-00A0C91BC942}") = "AoC_2", "AoC_2\AoC_2.vcxproj\AoC_2.vcxproj", "{880C2A7D-80B7-43C4-AFFB-F9DD6BE6EFD3}"
EndProject
Project("{8BC9CEB8-8B4A-11D0-8D11-00A0C91BC942}") = "AoC_3", "AoC_3\AoC_3.vcxproj\AoC_3.vcxproj", "{C185E7E4-94A3-4260-8195-E3042B17D43D}"
EndProject
Project("{8BC9CEB8-8B4A-11D0-8D11-00A0C91BC942}") = "AoC_4", "AoC_4\AoC_4.vcxproj\AoC_4.vcxproj", "{6CC41F6B-0D2F-4A10-B0EE-44CD13F0AC27}"
EndProject
Project("{8BC9CEB8-8B4A-11D0-8D11-00A0C91BC942}") = "AoC_5", "AoC_5\AoC_5.vcxproj\AoC_5.vcxproj", "{E6F0CA89-30EE-47F5-B4C3-89A215B4C969}"
EndProject
Project("{8BC9CEB8-8B4A-11D0-8D11-00A0C91BC942}") = "AoC_6", "AoC_6\AoC_6.vcxproj\AoC_6.vcxproj", "{430AB741-0B4C-43F6-A26F-9A2DF389D520}"
EndProject
Project("{8BC9CEB8-8B4A-11D0-8D11-00A0C91BC942}") = "AoC_8", "AoC_8\AoC_8.vcxproj\AoC_8.vcxproj", "{A34026CF-AF1D-46AE-A590-497FA1D1628D}"
EndProject
Project("{8BC9CEB8-8B4A-11D0-8D11-00A0C91BC942}") = "AoC_10", "AoC_10\AoC_10.vcxproj\AoC_10.vcxproj", "{E5FD1B30-DD29-4969-97F0-108F63F7A919}"
EndProject
Project("{8BC9CEB8-8B4A-11D0-8D11-00A0C91BC942}") = "AoC_11", "Aoc_11\AoC_11.vcxproj\AoC_11.vcxproj", "{93AD531A-11FF-4949-AA3B-387FAA6D43BE}"
EndProject
Project("{8BC9CEB8-8B4A-11D0-8D11-00A0C91BC942}") = "AoC_12", "AoC_12\AoC_12.vcxproj\AoC_12.vcxproj", "{17763FF3-245E-42EA-A631-D5883F02FDDC}"
EndProject
Project("{8BC9CEB8-8B4A-11D0-8D11-00A0C91BC942}") = "AoC_14", "AoC_14\AoC_14.vcxproj\AoC_14.vcxproj", "{C901BD26-BA09-4A1B-A696-F99AFFF9E5EC}"
EndProject
Project("{8BC9CEB8-8B4A-11D0-8D11-00A0C91BC942}") = "AoC_15", "AoC_15\AoC_15.vcxproj\AoC_15.vcxproj", "{1CBEA086-F93D-4FFF-A7CA-9A7A5D5E3323}"
EndProject
Project("{8BC9CEB8-8B4A-11D0-8D11-00A0C91BC942}") = "AoC_18", "AoC_18\AoC_18.vcxproj\AoC_18.vcxproj", "{5F67CC17-6F7A-41A0-A4B1-FBE0CEEF5CEC}"
EndProject
Project("{8BC9CEB8-8B4A-11D0-8D11-00A0C91BC942}") = "AoC_20", "AoC_20\AoC_20.vcxproj\AoC_20.vcxproj", "{9C9984B4-2FB2-485C-8AEE-1C9932836747}"
EndProject
Project("{8BC9CEB8-8B4A-11D0-8D11-00A0C91BC942}") = "AoC_21", "AoC_21\AoC_21.vcxproj\AoC_21.vcxproj", "{F786C543-4A7A-433B-BBD9-A7B26E131B7D}"
EndProject
Project("{8BC9CEB8-8B4A-11D0-8D11-00A0C91BC942}") = "AoC_22", "AoC_22\AoC_22.vcxproj\AoC_22.vcxproj", "{62C04618-B29F-4962-A667-1DA3048323B7}"
EndProject
Project("{8BC9CEB8-8B4A-11D0-8D11-00A0C91BC942}") = "AoC_23", "AoC_23\AoC_23.vcxproj\AoC_23.vcxproj", "{5CD94E74-E785-4FD6-A782-6C6C8AE073EC}"
EndProject
Project("{8BC9CEB8-8B4A-11D0-8D11-00A0C91BC942}") = "AoC_24", "AoC_24\AoC_24.vcxproj\AoC_24.vcxproj", "{08808F5B-7EB0-4960-9D50-9B1D1C9CB8B4}"
EndProject
Project("{8BC9CEB8-8B4A-11D0-8D11-00A0C91BC942}") = "AoC_25", "AoC_25\AoC_25.vcxproj\AoC_25.vcxproj", "{5F4C7FD7-312E-4B07-99CA-48C33C268749}"
EndProject
Global
	GlobalSection(SolutionConfigurationPlatforms) = preSolution
		Debug|x64 = Debug|x64
		Debug|x86 = Debug|x86
		Release|x64 = Release|x64
		Release|x86 = Release|x86
	EndGlobalSection
	GlobalSection(ProjectConfigurationPlatforms) = postSolution
		{2D9E9BC5-C1E0-4554-A120-5D92FD9A3ABE}.Debug|x64.ActiveCfg = Debug|x64
		{2D9E9BC5-C1E0-4554-A120-5D92FD9A3ABE}.Debug|x64.Build.0 = Debug|x64
		{2D9E9BC5-C1E0-4554-A120-5D92FD9A3ABE}.Debug|x86.ActiveCfg = Debug|Win32
		{2D9E9BC5-C1E0-4554-A120-5D92FD9A3ABE}.Debug|x86.Build.0 = Debug|Win32
		{2D9E9BC5-C1E0-4554-A120-5D92FD9A3ABE}.Release|x64.ActiveCfg = Release|x64
		{2D9E9BC5-C1E0-4554-A120-5D92FD9A3ABE}.Release|x64.Build.0 = Release|x64
		{2D9E9BC5-C1E0-4554-A120-5D92FD9A3ABE}.Release|x86.ActiveCfg = Release|Win32
		{2D9E9BC5-C1E0-4554-A120-5D92FD9A3ABE}.Release|x86.Build.0 = Release|Win32
		{83A5DE5D-5BDD-43DE-A29F-1B71DB3B45BE}.Debug|x64.ActiveCfg = Debug|x64
		{83A5DE5D-5BDD-43DE-A29F-1B71DB3B45BE}.Debug|x64.Build.0 = Debug|x64
		{83A5DE5D-5BDD-43DE-A29F-1B71DB3B45BE}.Debug|x86.ActiveCfg = Debug|Win32
		{83A5DE5D-5BDD-43DE-A29F-1B71DB3B45BE}.Debug|x86.Build.0 = Debug|Win32
		{83A5DE5D-5BDD-43DE-A29F-1B71DB3B45BE}.Release|x64.ActiveCfg = Release|x64
		{83A5DE5D-5BDD-43DE-A29F-1B71DB3B45BE}.Release|x64.Build.0 = Release|x64
		{83A5DE5D-5BDD-43DE-A29F-1B71DB3B45BE}.Release|x86.ActiveCfg = Release|Win32
		{83A5DE5D-5BDD-43DE-A29F-1B71DB3B45BE}.Release|x86.Build.0 = Release|Win32
		{DB013176-E858-44ED-AFC9-0CC6FC74E8C6}.Debug|x64.ActiveCfg = Debug|x64
		{DB013176-E858-44ED-AFC9-0CC6FC74E8C6}.Debug|x64.Build.0 = Debug|x64
		{DB013176-E858-44ED-AFC9-0CC6FC74E8C6}.Debug|x86.ActiveCfg = Debug|Win32
		{DB013176-E858-44ED-AFC9-0CC6FC74E8C6}.Debug|x86.Build.0 = Debug|Win32
		{DB013176-E858-44ED-AFC9-0CC6FC74E8C6}.Release|x64.ActiveCfg = Release|x64
		{DB013176-E858-44ED-AFC9-0CC6FC74E8C6}.Release|x64.Build.0 = Release|x64
		{DB013176-E858-44ED-AFC9-0CC6FC74E8C6}.Release|x86.ActiveCfg = Release|Win32
		{DB013176-E858-44ED-AFC9-0CC6FC74E8C6}.Release|x86.Build.0 = Release|Win32
		{FC691FA6-7784-46E1-AEB6-C45A88A7CCEA}.Debug|x64.ActiveCfg = Debug|x64
		{FC691FA6-7784-46E1-AEB6-C45A88A7CCEA}.Debug|x64.Build.0 = Debug|x64
		{FC691FA6-7784-46E1-AEB6-C45A88A7CCEA}.Debug|x86.ActiveCfg = Debug|Win32
		{FC691FA6-7784-46E1-AEB6-C45A88A7CCEA}.Debug|x86.Build.0 = Debug|Win32
		{FC691FA6-7784-46E1-AEB6-C45A88A7CCEA}.Release|x64.ActiveCfg = Release|x64
		{FC691FA6-7784-46E1-AEB6-C45A88A7CCEA}.Release|x64.Build.0 = Release|x64
		{FC691FA6-7784-46E1-AEB6-C45A88A7CCEA}.Release|x86.ActiveCfg = Release|Win32
		{FC691FA6-7784-46E1-AEB6-C45A88A7CCEA}.Release|x86.Build.0 = Release|Win32
		{FD7C78EA-2927-4069-A836-647DFC15451A}.Debug|x64.ActiveCfg = Debug|x64
		{FD7C78EA-2927-4069-A836-647DFC15451A}.Debug|x64.Build.0 = Debug|x64
		{FD7C78EA-2927-4069-A836-647DFC15451A}.Debug|x86.ActiveCfg = Debug|Win32
		{FD7C78EA-2927-4069-A836-647DFC15451A}.Debug|x86.Build.0 = Debug|Win32
		{FD7C78EA-2927-4069-A836-647DFC15451A}.Release|x64.ActiveCfg = Release|x64
		{FD7C78EA-2927-4069-A836-647DFC15451A}.Release|x64.Build.0 = Release|x64
		{FD7C78EA-2927-4069-A836-647DFC15451A}.Release|x86.ActiveCfg = Release|Win32
		{FD7C78EA-2927-4069-A836-647DFC15451A}.Release|x86.Build.0 = Release|Win32
		{6FCD10DD-C15A-4CA4-B263-8E56B9CE31F5}.Debug|x64.ActiveCfg = Debug|x64
		{6FCD10DD-C15A-4CA4-B263-8E56B9CE31F5}.Debug|x64.Build.0 = Debug|x64
		{6FCD10DD-C15A-4CA4-B263-8E56B9CE31F5}.Debug|x86.ActiveCfg = Debug|Win32
		{6FCD10DD-C15A-4CA4-B263-8E56B9CE31F5}.Debug|x86.Build.0 = Debug|Win32
		{6FCD10DD-C15A-4CA4-B263-8E56B9CE31F5}.Release|x64.ActiveCfg = Release|x64
		{6FCD10DD-C15A-4CA4-B263-8E56B9CE31F5}.Release|x64.Build.0 = Release|x64
		{6FCD10DD-C15A-4CA4-B263-8E56B9CE31F5}.Release|x86.ActiveCfg = Release|Win32
		{6FCD10DD-C15A-4CA4-B263-8E56B9CE31F5}.Release|x86.Build.0 = Release|Win32
		{41C1D6F1-F2ED-45F6-9217-DCC0A48D502B}.Debug|x64.ActiveCfg = Debug|x64
		{41C1D6F1-F2ED-45F6-9217-DCC0A48D502B}.Debug|x64.Build.0 = Debug|x64
		{41C1D6F1-F2ED-45F6-9217-DCC0A48D502B}.Debug|x86.ActiveCfg = Debug|Win32
		{41C1D6F1-F2ED-45F6-9217-DCC0A48D502B}.Debug|x86.Build.0 = Debug|Win32
		{41C1D6F1-F2ED-45F6-9217-DCC0A48D502B}.Release|x64.ActiveCfg = Release|x64
		{41C1D6F1-F2ED-45F6-9217-DCC0A48D502B}.Release|x64.Build.0 = Release|x64
		{41C1D6F1-F2ED-45F6-9217-DCC0A48D502B}.Release|x86.ActiveCfg = Release|Win32
		{41C1D6F1-F2ED-45F6-9217-DCC0A48D502B}.Release|x86.Build.0 = Release|Win32
		{880C2A7D-80B7-43C4-AFFB-F9DD6BE6EFD3}.Debug|x64.ActiveCfg = Debug|x64
		{880C2A7D-80B7-43C4-AFFB-F9DD6BE6EFD3}.Debug|x64.Build.0 = Debug|x64
		{880C2A7D-80B7-43C4-AFFB-F9DD6BE6EFD3}.Debug|x86.ActiveCfg = Debug|Win32
		{880C2A7D-80B7-43C4-AFFB-F9DD6BE6EFD3}.Debug|x86.Build.0 = Debug|Win32
		{880C2A7D-80B7-43C4-AFFB-F9DD6BE6EFD3}.Release|x64.ActiveCfg = Release|x64
		{880C2A7D-80B7-43C4-AFFB-F9DD6BE6EFD3}.Release|x64.Build.0 = Release|x64
		{880C2A7D-80B7-43C4-AFFB-F9DD6BE6EFD3}.Release|x86.ActiveCfg = Release|Win32
		{880C2A7D-80B7-43C4-AFFB-F9DD6BE6EFD3}.Release|x86.Build.0 = Release|Win32
		{C185E7E4-94A3-4260-8195-E3042B17D43D}.Debug|x64.ActiveCfg = Debug|x64
		{C185E7E4-94A3-4260-8195-E3042B17D43D}.Debug|x64.Build.0 = Debug|x64
		{C185E7E4-94A3-4260-8195-E3042B17D43D}.Debug|x86.ActiveCfg = Debug|Win32
		{C185E7E4-94A3-4260-8195-E3042B17D43D}.Debug|x86.Build.0 = Debug|Win32
		{C185E7E4-94A3-4260-8195-E3042B17D43D}.Release|x64.ActiveCfg = Release|x64
		{C185E7E4-94A3-4260-8195-E3042B17D43D}.Release|x64.Build.0 = Release|x64
		{C185E7E4-94A3-4260-8195-E3042B17D43D}.Release|x86.ActiveCfg = Release|Win32
		{C185E7E4-94A3-4260-8195-E3042B17D43D}.Release|x86.Build.0 = Release|Win32
		{6CC41F6B-0D2F-4A10-B0EE-44CD13F0AC27}.Debug|x64.ActiveCfg = Debug|x64
		{6CC41F6B-0D2F-4A10-B0EE-44CD13F0AC27}.Debug|x64.Build.0 = Debug|x64
		{6CC41F6B-0D2F-4A10-B0EE-44CD13F0AC27}.Debug|x86.ActiveCfg = Debug|Win32
		{6CC41F6B-0D2F-4A10-B0EE-44CD13F0AC27}.Debug|x86.Build.0 = Debug|Win32
		{6CC41F6B-0D2F-4A10-B0EE-44CD13F0AC27}.Release|x64.ActiveCfg = Release|x64
		{6CC41F6B-0D2F-4A10-B0EE-44CD13F0AC27}.Release|x64.Build.0 = Release|x64
		{6CC41F6B-0D2F-4A10-B0EE-44CD13F0AC27}.Release|x86.ActiveCfg = Release|Win32
		{6CC41F6B-0D2F-4A10-B0EE-44CD13F0AC27}.Release|x86.Build.0 = Release|Win32
		{E6F0CA89-30EE-47F5-B4C3-89A215B4C969}.Debug|x64.ActiveCfg = Debug|x64
		{E6F0CA89-30EE-47F5-B4C3-89A215B4C969}.Debug|x64.Build.0 = Debug|x64
		{E6F0CA89-30EE-47F5-B4C3-89A215B4C969}.Debug|x86.ActiveCfg = Debug|Win32
		{E6F0CA89-30EE-47F5-B4C3-89A215B4C969}.Debug|x86.Build.0 = Debug|Win32
		{E6F0CA89-30EE-47F5-B4C3-89A215B4C969}.Release|x64.ActiveCfg = Release|x64
		{E6F0CA89-30EE-47F5-B4C3-89A215B4C969}.Release|x64.Build.0 = Release|x64
		{E6F0CA89-30EE-47F5-B4C3-89A215B4C969}.Release|x86.ActiveCfg = Release|Win32
		{E6F0CA89-30EE-47F5-B4C3-89A215B4C969}.Release|x86.Build.0 = Release|Win32
		{430AB741-0B4C-43F6-A26F-9A2DF389D520}.Debug|x64.ActiveCfg = Debug|x64
		{430AB741-0B4C-43F6-A26F-9A2DF389D520}.Debug|x64.Build.0 = Debug|x64
		{430AB741-0B4C-43F6-A26F-9A2DF389D520}.Debug|x86.ActiveCfg = Debug|Win32
		{430AB741-0B4C-43F6-A26F-9A2DF389D520}.Debug|x86.Build.0 = Debug|Win32
		{430AB741-0B4C-43F6-A26F-9A2DF389D520}.Release|x64.ActiveCfg = Release|x64
		{430AB741-0B4C-43F6-A26F-9A2DF389D520}.Release|x64.Build.0 = Release|x64
		{430AB741-0B4C-43F6-A26F-9A2DF389D520}.Release|x86.ActiveCfg = Release|Win32
		{430AB741-0B4C-43F6-A26F-9A2DF389D520}.Release|x86.Build.0 = Release|Win32
		{A34026CF-AF1D-46AE-A590-497FA1D1628D}.Debug|x64.ActiveCfg = Debug|x64
		{A34026CF-AF1D-46AE-A590-497FA1D1628D}.Debug|x64.Build.0 = Debug|x64
		{A34026CF-AF1D-46AE-A590-497FA1D1628D}.Debug|x86.ActiveCfg = Debug|Win32
		{A34026CF-AF1D-46AE-A590-497FA1D1628D}.Debug|x86.Build.0 = Debug|Win32
		{A34026CF-AF1D-46AE-A590-497FA1D1628D}.Release|x64.ActiveCfg = Release|x64
		{A34026CF-AF1D-46AE-A590-497FA1D1628D}.Release|x64.Build.0 = Release|x64
		{A34026CF-AF1D-46AE-A590-497FA1D1628D}.Release|x86.ActiveCfg = Release|Win32
		{A34026CF-AF1D-46AE-A590-497FA1D1628D}.Release|x86.Build.0 = Release|Win32
		{E5FD1B30-DD29-4969-97F0-108F63F7A919}.Debug|x64.ActiveCfg = Debug|x64
		{E5FD1B30-DD29-4969-97F0-108F63F7A919}.Debug|x64.Build.0 = Debug|x64
		{E5FD1B30-DD29-4969-97F0-108F63F7A919}.Debug|x86.ActiveCfg = Debug|Win32
		{E5FD1B30-DD29-4969-97F0-108F63F7A919}.Debug|x86.Build.0 = Debug|Win32
		{E5FD1B30-DD29-4969-97F0-108F63F7A919}.Release|x64.ActiveCfg = Release|x64
		{E5FD1B30-DD29-4969-97F0-108F63F7A919}.Release|x64.Build.0 = Release|x64
		{E5FD1B30-DD29-4969-97F0-108F63F7A919}.Release|x86.ActiveCfg = Release|Win32
		{E5FD1B30-DD29-4969-97F0-108F63F7A919}.Release|x86.Build.0 = Release|Win32
		{93AD531A-11FF-4949-AA3B-387FAA6D43BE}.Debug|x64.ActiveCfg = Debug|x64
		{93AD531A-11FF-4949-AA3B-387FAA6D43BE}.Debug|x64.Build.0 = Debug|x64
		{93AD531A-11FF-4949-AA3B-387FAA6D43BE}.Debug|x86.ActiveCfg = Debug|Win32
		{93AD531A-11FF-4949-AA3B-387FAA6D43BE}.Debug|x86.Build.0 = Debug|Win32
		{93AD531A-11FF-4949-AA3B-387FAA6D43BE}.Release|x64.ActiveCfg = Release|x64
		{93AD531A-11FF-4949-AA3B-387FAA6D43BE}.Release|x64.Build.0 = Release|x64
		{93AD531A-11FF-4949-AA3B-387FAA6D43BE}.Release|x86.ActiveCfg = Release|Win32
		{93AD531A-11FF-4949-AA3B-387FAA6D43BE}.Release|x86.Build.0 = Release|Win32
		{17763FF3-245E-42EA-A631-D5883F02FDDC}.Debug|x64.ActiveCfg = Debug|x64
		{17763FF3-245E-42EA-A631-D5883F02FDDC}.Debug|x64.Build.0 = Debug|x64
		{17763FF3-245E-42EA-A631-D5883F02FDDC}.Debug|x86.ActiveCfg = Debug|Win32
		{17763FF3-245E-42EA-A631-D5883F02FDDC}.Debug|x86.Build.0 = Debug|Win32
		{17763FF3-245E-42EA-A631-D5883F02FDDC}.Release|x64.ActiveCfg = Release|x64
		{17763FF3-245E-42EA-A631-D5883F02FDDC}.Release|x64.Build.0 = Release|x64
		{17763FF3-245E-42EA-A631-D5883F02FDDC}.Release|x86.ActiveCfg = Release|Win32
		{17763FF3-245E-42EA-A631-D5883F02FDDC}.Release|x86.Build.0 = Release|Win32
		{C901BD26-BA09-4A1B-A696-F99AFFF9E5EC}.Debug|x64.ActiveCfg = Debug|x64
		{C901BD26-BA09-4A1B-A696-F99AFFF9E5EC}.Debug|x64.Build.0 = Debug|x64
		{C901BD26-BA09-4A1B-A696-F99AFFF9E5EC}.Debug|x86.ActiveCfg = Debug|Win32
		{C901BD26-BA09-4A1B-A696-F99AFFF9E5EC}.Debug|x86.Build.0 = Debug|Win32
		{C901BD26-BA09-4A1B-A696-F99AFFF9E5EC}.Release|x64.ActiveCfg = Release|x64
		{C901BD26-BA09-4A1B-A696-F99AFFF9E5EC}.Release|x64.Build.0 = Release|x64
		{C901BD26-BA09-4A1B-A696-F99AFFF9E5EC}.Release|x86.ActiveCfg = Release|Win32
		{C901BD26-BA09-4A1B-A696-F99AFFF9E5EC}.Release|x86.Build.0 = Release|Win32
		{1CBEA086-F93D-4FFF-A7CA-9A7A5D5E3323}.Debug|x64.ActiveCfg = Debug|x64
		{1CBEA086-F93D-4FFF-A7CA-9A7A5D5E3323}.Debug|x64.Build.0 = Debug|x64
		{1CBEA086-F93D-4FFF-A7CA-9A7A5D5E3323}.Debug|x86.ActiveCfg = Debug|Win32
		{1CBEA086-F93D-4FFF-A7CA-9A7A5D5E3323}.Debug|x86.Build.0 = Debug|Win32
		{1CBEA086-F93D-4FFF-A7CA-9A7A5D5E3323}.Release|x64.ActiveCfg = Release|x64
		{1CBEA086-F93D-4FFF-A7CA-9A7A5D5E3323}.Release|x64.Build.0 = Release|x64
		{1CBEA086-F93D-4FFF-A7CA-9A7A5D5E3323}.Release|x86.ActiveCfg = Release|Win32
		{1CBEA086-F93D-4FFF-A7CA-9A7A5D5E3323}.Release|x86.Build.0 = Release|Win32
		{5F67CC17-6F7A-41A0-A4B1-FBE0CEEF5CEC}.Debug|x64.ActiveCfg = Debug|x64
		{5F67CC17-6F7A-41A0-A4B1-FBE0CEEF5CEC}.Debug|x64.Build.0 = Debug|x64
		{5F67CC17-6F7A-41A0-A4B1-FBE0CEEF5CEC}.Debug|x86.ActiveCfg = Debug|Win32
		{5F67CC17-6F7A-41A0-A4B1-FBE0CEEF5CEC}.Debug|x86.Build.0 = Debug|Win32
		{5F67CC17-6F7A-41A0-A4B1-FBE0CEEF5CEC}.Release|x64.ActiveCfg = Release|x64
		{5F67CC17-6F7A-41A0-A4B1-FBE0CEEF5CEC}.Release|x64.Build.0 = Release|x64
		{5F67CC17-6F7A-41A0-A4B1-FBE0CEEF5CEC}.Release|x86.ActiveCfg = Release|Win32
		{5F67CC17-6F7A-41A0-A4B1-FBE0CEEF5CEC}.Release|x86.Build.0 = Release|Win32
		{9C9984B4-2FB2-485C-8AEE-1C9932836747}.Debug|x64.ActiveCfg = Debug|x64
		{9C9984B4-2FB2-485C-8AEE-1C9932836747}.Debug|x64.Build.0 = Debug|x64
		{9C9984B4-2FB2-485C-8AEE-1C9932836747}.Debug|x86.ActiveCfg = Debug|Win32
		{9C9984B4-2FB2-485C-8AEE-1C9932836747}.Debug|x86.Build.0 = Debug|Win32
		{9C9984B4-2FB2-485C-8AEE-1C9932836747}.Release|x64.ActiveCfg = Release|x64
		{9C9984B4-2FB2-485C-8AEE-1C9932836747}.Release|x64.Build.0 = Release|x64
		{9C9984B4-2FB2-485C-8AEE-1C9932836747}.Release|x86.ActiveCfg = Release|Win32
		{9C9984B4-2FB2-485C-8AEE-1C9932836747}.Release|x86.Build.0 = Release|Win32
		{F786C543-4A7A-433B-BBD9-A7B26E131B7D}.Debug|x64.ActiveCfg = Debug|x64
		{F786C543-4A7A-433B-BBD9-A7B26E131B7D}.Debug|x64.Build.0 = Debug|x64
		{F786C543-4A7A-433B-BBD9-A7B26E131B7D}.Debug|x86.ActiveCfg = Debug|Win32
		{F786C543-4A7A-433B-BBD9-A7B26E131B7D}.Debug|x86.Build.0 = Debug|Win32
		{F786C543-4A7A-433B-BBD9-A7B26E131B7D}.Release|x64.ActiveCfg = Release|x64
		{F786C543-4A7A-433B-BBD9-A7B26E131B7D}.Release|x64.Build.0 = Release|x64
		{F786C543-4A7A-433B-BBD9-A7B26E131B7D}.Release|x86.ActiveCfg = Release|Win32
		{F786C543-4A7A-433B-BBD9-A7B26E131B7D}.Release|x86.Build.0 = Release|Win32
		{62C04618-B29F-4962-A667-1DA3048323B7}.Debug|x64.ActiveCfg = Debug|x64
		{62C04618-B29F-4962-A667-1DA3048323B7}.Debug|x64.Build.0 = Debug|x64
		{62C04618-B29F-4962-A667-1DA3048323B7}.Debug|x86.ActiveCfg = Debug|Win32
		{62C04618-B29F-4962-A667-1DA3048323B7}.Debug|x86.Build.0 = Debug|Win32
		{62C04618-B29F-4962-A667-1DA3048323B7}.Release|x64.ActiveCfg = Release|x64
		{62C04618-B29F-4962-A667-1DA3048323B7}.Release|x64.Build.0 = Release|x64
		{62C04618-B29F-4962-A667-1DA3048323B7}.Release|x86.ActiveCfg = Release|Win32
		{62C04618-B29F-4962-A667-1DA3048323B7}.Release|x86.Build.0 = Release|Win32
		{5CD94E74-E785-4FD6-A782-6C6C8AE073EC}.Debug|x64.ActiveCfg = Debug|x64
		{5CD94E74-E785-4FD6-A782-6C6C8AE073EC}.Debug|x64.Build.0 = Debug|x64
		{5CD94E74-E785-4FD6-A782-6C6C8AE073EC}.Debug|x86.ActiveCfg = Debug|Win32
		{5CD94E74-E785-4FD6-A782-6C6C8AE073EC}.Debug|x86.Build.0 = Debug|Win32
		{5CD94E74-E785-4FD6-A782-6C6C8AE073EC}.Release|x64.ActiveCfg = Release|x64
		{5CD94E74-E785-4FD6-A782-6C6C8AE073EC}.Release|x64.Build.0 = Release|x64
		{5CD94E74-E785-4FD6-A782-6C6C8AE073EC}.Release|x86.ActiveCfg = Release|Win32
		{5CD94E74-E785-4FD6-A782-6C6C8AE073EC}.Release|x86.Build.0 = Release|Win32
		{08808F5B-7EB0-4960-9D50-9B1D1C9CB8B4}.Debug|x64.ActiveCfg = Debug|x64
		{08808F5B-7EB0-4960-9D50-9B1D1C9CB8B4}.Debug|x64.Build.0 = Debug|x64
		{08808F5B-7EB0-4960-9D50-9B1D1C9CB8B4}.Debug|x86.ActiveCfg = Debug|Win32
		{08808F5B-7EB0-4960-9D50-9B1D1C9CB8B4}.Debug|x86.Build.0 = Debug|Win32
		{08808F5B-7EB0-4960-9D50-9B1D1C9CB8B4}.Release|x64.ActiveCfg = Release|x64
		{08808F5B-7EB0-4960-9D50-9B1D1C9CB8B4}.Release|x64.Build.0 = Release|x64
		{08808F5B-7EB0-4960-9D50-9B1D1C9CB8B4}.Release|x86.ActiveCfg = Release|Win32
		{08808F5B-7EB0-4960-9D50-9B1D1C9CB8B4}.Release|x86.Build.0 = Release|Win32
		{5F4C7FD7-312E-4B07-99CA-48C33C268749}.Debug|x64.ActiveCfg = Debug|x64
		{5F4C7FD7-312E-4B07-99CA-48C33C268749}.Debug|x64.Build.0 = Debug|x64
		{5F4C7FD7-312E-4B07-99CA-48C33C268749}.Debug|x86.ActiveCfg = Debug|Win32
		{5F4C7FD7-312E-4B07-99CA-48C33C268749}.Debug|x86.Build.0 = Debug|Win32
		{5F4C7FD7-312E-4B07-99CA-48C33C268749}.Release|x64.ActiveCfg = Release|x64
		{5F4C7FD7-312E-4B07-99CA-48C33C268749}.Release|x64.Build.0 = Release|x64
		{5F4C7FD7-312E-4B07-99CA-48C33C268749}.Release|x86.ActiveCfg = Release|Win32
		{5F4C7FD7-312E-4B07-99CA-48C33C268749}.Release|x86.Build.0 = Release|Win32
	EndGlobalSection
	GlobalSection(SolutionProperties) = preSolution
		HideSolutionNode = FALSE
	EndGlobalSection
	GlobalSection(ExtensibilityGlobals) = postSolution
		SolutionGuid = {E5D6720F-1DC2-4E38-8C1C-F028791C68AD}
	EndGlobalSection
EndGlobal
